
Microsoft Visual Studio Solution File, Format Version 12.00
# Visual Studio Version 17
VisualStudioVersion = 17.0.31903.59
MinimumVisualStudioVersion = 10.0.40219.1
Project("{2150E333-8FDC-42A3-9474-1A3956D46DE8}") = "src", "src", "{625136D1-D8DC-462B-8CFF-7FEBD5A4E4FC}"
EndProject
Project("{2150E333-8FDC-42A3-9474-1A3956D46DE8}") = "bins", "bins", "{374E14B4-E915-409B-80C3-08A4DBFEB095}"
EndProject
Project("{FAE04EC0-301F-11D3-BF4B-00C04F79EFBC}") = "Main", "src\bins\Main\Main.csproj", "{59EEDF69-F23C-40DB-92F1-EDD4C4CF342E}"
EndProject
Project("{2150E333-8FDC-42A3-9474-1A3956D46DE8}") = "libs", "libs", "{3AAD16D9-E413-7076-AE2C-0A2BD409DF72}"
EndProject
Project("{FAE04EC0-301F-11D3-BF4B-00C04F79EFBC}") = "DbModels", "src\libs\DbModels\DbModels.csproj", "{D338FAB5-3734-41C5-9B10-06E9AEA84C18}"
EndProject
Global
	GlobalSection(SolutionConfigurationPlatforms) = preSolution
		Debug|Any CPU = Debug|Any CPU
		Debug|x64 = Debug|x64
		Debug|x86 = Debug|x86
		Release|Any CPU = Release|Any CPU
		Release|x64 = Release|x64
		Release|x86 = Release|x86
	EndGlobalSection
	GlobalSection(ProjectConfigurationPlatforms) = postSolution
		{59EEDF69-F23C-40DB-92F1-EDD4C4CF342E}.Debug|Any CPU.ActiveCfg = Debug|Any CPU
		{59EEDF69-F23C-40DB-92F1-EDD4C4CF342E}.Debug|Any CPU.Build.0 = Debug|Any CPU
		{59EEDF69-F23C-40DB-92F1-EDD4C4CF342E}.Debug|x64.ActiveCfg = Debug|Any CPU
		{59EEDF69-F23C-40DB-92F1-EDD4C4CF342E}.Debug|x64.Build.0 = Debug|Any CPU
		{59EEDF69-F23C-40DB-92F1-EDD4C4CF342E}.Debug|x86.ActiveCfg = Debug|Any CPU
		{59EEDF69-F23C-40DB-92F1-EDD4C4CF342E}.Debug|x86.Build.0 = Debug|Any CPU
		{59EEDF69-F23C-40DB-92F1-EDD4C4CF342E}.Release|Any CPU.ActiveCfg = Release|Any CPU
		{59EEDF69-F23C-40DB-92F1-EDD4C4CF342E}.Release|Any CPU.Build.0 = Release|Any CPU
		{59EEDF69-F23C-40DB-92F1-EDD4C4CF342E}.Release|x64.ActiveCfg = Release|Any CPU
		{59EEDF69-F23C-40DB-92F1-EDD4C4CF342E}.Release|x64.Build.0 = Release|Any CPU
		{59EEDF69-F23C-40DB-92F1-EDD4C4CF342E}.Release|x86.ActiveCfg = Release|Any CPU
		{59EEDF69-F23C-40DB-92F1-EDD4C4CF342E}.Release|x86.Build.0 = Release|Any CPU
		{D338FAB5-3734-41C5-9B10-06E9AEA84C18}.Debug|Any CPU.ActiveCfg = Debug|Any CPU
		{D338FAB5-3734-41C5-9B10-06E9AEA84C18}.Debug|Any CPU.Build.0 = Debug|Any CPU
		{D338FAB5-3734-41C5-9B10-06E9AEA84C18}.Debug|x64.ActiveCfg = Debug|Any CPU
		{D338FAB5-3734-41C5-9B10-06E9AEA84C18}.Debug|x64.Build.0 = Debug|Any CPU
		{D338FAB5-3734-41C5-9B10-06E9AEA84C18}.Debug|x86.ActiveCfg = Debug|Any CPU
		{D338FAB5-3734-41C5-9B10-06E9AEA84C18}.Debug|x86.Build.0 = Debug|Any CPU
		{D338FAB5-3734-41C5-9B10-06E9AEA84C18}.Release|Any CPU.ActiveCfg = Release|Any CPU
		{D338FAB5-3734-41C5-9B10-06E9AEA84C18}.Release|Any CPU.Build.0 = Release|Any CPU
		{D338FAB5-3734-41C5-9B10-06E9AEA84C18}.Release|x64.ActiveCfg = Release|Any CPU
		{D338FAB5-3734-41C5-9B10-06E9AEA84C18}.Release|x64.Build.0 = Release|Any CPU
		{D338FAB5-3734-41C5-9B10-06E9AEA84C18}.Release|x86.ActiveCfg = Release|Any CPU
		{D338FAB5-3734-41C5-9B10-06E9AEA84C18}.Release|x86.Build.0 = Release|Any CPU
	EndGlobalSection
	GlobalSection(SolutionProperties) = preSolution
		HideSolutionNode = FALSE
	EndGlobalSection
	GlobalSection(NestedProjects) = preSolution
		{374E14B4-E915-409B-80C3-08A4DBFEB095} = {625136D1-D8DC-462B-8CFF-7FEBD5A4E4FC}
		{59EEDF69-F23C-40DB-92F1-EDD4C4CF342E} = {374E14B4-E915-409B-80C3-08A4DBFEB095}
		{3AAD16D9-E413-7076-AE2C-0A2BD409DF72} = {625136D1-D8DC-462B-8CFF-7FEBD5A4E4FC}
		{D338FAB5-3734-41C5-9B10-06E9AEA84C18} = {3AAD16D9-E413-7076-AE2C-0A2BD409DF72}
	EndGlobalSection
EndGlobal
